
Microsoft Visual Studio Solution File, Format Version 12.00
# Visual Studio Version 16
VisualStudioVersion = 16.0.30907.101
MinimumVisualStudioVersion = 10.0.40219.1
Project("{FAE04EC0-301F-11D3-BF4B-00C04F79EFBC}") = "Animacion", "Animacion.csproj", "{8BBF9144-0F32-4466-AFC8-E7E79F7AB41A}"
EndProject
Global
	GlobalSection(SolutionConfigurationPlatforms) = preSolution
		Debug|Any CPU = Debug|Any CPU
		Release|Any CPU = Release|Any CPU
	EndGlobalSection
	GlobalSection(ProjectConfigurationPlatforms) = postSolution
		{8BBF9144-0F32-4466-AFC8-E7E79F7AB41A}.Debug|Any CPU.ActiveCfg = Debug|Any CPU
		{8BBF9144-0F32-4466-AFC8-E7E79F7AB41A}.Debug|Any CPU.Build.0 = Debug|Any CPU
		{8BBF9144-0F32-4466-AFC8-E7E79F7AB41A}.Release|Any CPU.ActiveCfg = Release|Any CPU
		{8BBF9144-0F32-4466-AFC8-E7E79F7AB41A}.Release|Any CPU.Build.0 = Release|Any CPU
	EndGlobalSection
	GlobalSection(SolutionProperties) = preSolution
		HideSolutionNode = FALSE
	EndGlobalSection
	GlobalSection(ExtensibilityGlobals) = postSolution
		SolutionGuid = {55A5C1D5-6A18-4922-8A1F-7682E493A669}
	EndGlobalSection
EndGlobal
