
Microsoft Visual Studio Solution File, Format Version 12.00
# Visual Studio Version 16
VisualStudioVersion = 16.0.31205.134
MinimumVisualStudioVersion = 10.0.40219.1
Project("{FAE04EC0-301F-11D3-BF4B-00C04F79EFBC}") = "Reportes", "Reportes.csproj", "{AA217DC9-62EE-48F6-AACD-9C98F490E071}"
EndProject
Global
	GlobalSection(SolutionConfigurationPlatforms) = preSolution
		Debug|Any CPU = Debug|Any CPU
		Release|Any CPU = Release|Any CPU
	EndGlobalSection
	GlobalSection(ProjectConfigurationPlatforms) = postSolution
		{AA217DC9-62EE-48F6-AACD-9C98F490E071}.Debug|Any CPU.ActiveCfg = Debug|Any CPU
		{AA217DC9-62EE-48F6-AACD-9C98F490E071}.Debug|Any CPU.Build.0 = Debug|Any CPU
		{AA217DC9-62EE-48F6-AACD-9C98F490E071}.Release|Any CPU.ActiveCfg = Release|Any CPU
		{AA217DC9-62EE-48F6-AACD-9C98F490E071}.Release|Any CPU.Build.0 = Release|Any CPU
	EndGlobalSection
	GlobalSection(SolutionProperties) = preSolution
		HideSolutionNode = FALSE
	EndGlobalSection
	GlobalSection(ExtensibilityGlobals) = postSolution
		SolutionGuid = {BE17EFEE-7ABC-4A57-99FD-AC388FA0D74F}
	EndGlobalSection
EndGlobal
